
Microsoft Visual Studio Solution File, Format Version 12.00
# Visual Studio Version 17
VisualStudioVersion = 17.5.002.0
MinimumVisualStudioVersion = 10.0.40219.1
Project("{9A19103F-16F7-4668-BE54-9A1E7A4F7556}") = "API-Farm", "API-Farm.csproj", "{A6393866-FA3A-4454-B99E-9C5EE70C09AF}"
EndProject
Global
	GlobalSection(SolutionConfigurationPlatforms) = preSolution
		Debug|Any CPU = Debug|Any CPU
		Release|Any CPU = Release|Any CPU
	EndGlobalSection
	GlobalSection(ProjectConfigurationPlatforms) = postSolution
		{A6393866-FA3A-4454-B99E-9C5EE70C09AF}.Debug|Any CPU.ActiveCfg = Debug|Any CPU
		{A6393866-FA3A-4454-B99E-9C5EE70C09AF}.Debug|Any CPU.Build.0 = Debug|Any CPU
		{A6393866-FA3A-4454-B99E-9C5EE70C09AF}.Release|Any CPU.ActiveCfg = Release|Any CPU
		{A6393866-FA3A-4454-B99E-9C5EE70C09AF}.Release|Any CPU.Build.0 = Release|Any CPU
	EndGlobalSection
	GlobalSection(SolutionProperties) = preSolution
		HideSolutionNode = FALSE
	EndGlobalSection
	GlobalSection(ExtensibilityGlobals) = postSolution
		SolutionGuid = {37D2D143-5FF3-4CC6-8773-C11463EE5714}
	EndGlobalSection
EndGlobal
